
Microsoft Visual Studio Solution File, Format Version 11.00
# Visual Studio 2010 Express for Windows Phone
Project("{FAE04EC0-301F-11D3-BF4B-00C04F79EFBC}") = "Emprestae", "Emprestae\Emprestae.csproj", "{6A454B22-8663-444B-9654-B174F6B9A61C}"
EndProject
Project("{FAE04EC0-301F-11D3-BF4B-00C04F79EFBC}") = "INdT.Services", "..\..\..\..\Desktop\wp7\INdT\Services\INdT.Services.csproj", "{F4C80543-0F72-4E13-AF62-B733813FCE3D}"
EndProject
Project("{FAE04EC0-301F-11D3-BF4B-00C04F79EFBC}") = "INdT.Views", "..\..\..\..\Desktop\wp7\INdT\Views\INdT.Views.csproj", "{DFF67CFA-0BF3-4A03-A4C5-14DC378E4696}"
EndProject
Global
	GlobalSection(SolutionConfigurationPlatforms) = preSolution
		Debug|Any CPU = Debug|Any CPU
		Release|Any CPU = Release|Any CPU
	EndGlobalSection
	GlobalSection(ProjectConfigurationPlatforms) = postSolution
		{6A454B22-8663-444B-9654-B174F6B9A61C}.Debug|Any CPU.ActiveCfg = Debug|Any CPU
		{6A454B22-8663-444B-9654-B174F6B9A61C}.Debug|Any CPU.Build.0 = Debug|Any CPU
		{6A454B22-8663-444B-9654-B174F6B9A61C}.Debug|Any CPU.Deploy.0 = Debug|Any CPU
		{6A454B22-8663-444B-9654-B174F6B9A61C}.Release|Any CPU.ActiveCfg = Release|Any CPU
		{6A454B22-8663-444B-9654-B174F6B9A61C}.Release|Any CPU.Build.0 = Release|Any CPU
		{6A454B22-8663-444B-9654-B174F6B9A61C}.Release|Any CPU.Deploy.0 = Release|Any CPU
		{F4C80543-0F72-4E13-AF62-B733813FCE3D}.Debug|Any CPU.ActiveCfg = Debug|Any CPU
		{F4C80543-0F72-4E13-AF62-B733813FCE3D}.Debug|Any CPU.Build.0 = Debug|Any CPU
		{F4C80543-0F72-4E13-AF62-B733813FCE3D}.Release|Any CPU.ActiveCfg = Release|Any CPU
		{F4C80543-0F72-4E13-AF62-B733813FCE3D}.Release|Any CPU.Build.0 = Release|Any CPU
		{DFF67CFA-0BF3-4A03-A4C5-14DC378E4696}.Debug|Any CPU.ActiveCfg = Debug|Any CPU
		{DFF67CFA-0BF3-4A03-A4C5-14DC378E4696}.Debug|Any CPU.Build.0 = Debug|Any CPU
		{DFF67CFA-0BF3-4A03-A4C5-14DC378E4696}.Release|Any CPU.ActiveCfg = Release|Any CPU
		{DFF67CFA-0BF3-4A03-A4C5-14DC378E4696}.Release|Any CPU.Build.0 = Release|Any CPU
	EndGlobalSection
	GlobalSection(SolutionProperties) = preSolution
		HideSolutionNode = FALSE
	EndGlobalSection
EndGlobal
